
Microsoft Visual Studio Solution File, Format Version 12.00
# Visual Studio Version 16
VisualStudioVersion = 16.0.31205.134
MinimumVisualStudioVersion = 10.0.40219.1
Project("{FAE04EC0-301F-11D3-BF4B-00C04F79EFBC}") = "VRNotificationRepeater", "VRNotificationRepeater\VRNotificationRepeater.csproj", "{2EFC8AB8-4C68-423A-8BAC-EAD5AB325C1C}"
EndProject
Global
	GlobalSection(SolutionConfigurationPlatforms) = preSolution
		Debug|Any CPU = Debug|Any CPU
		Release|Any CPU = Release|Any CPU
	EndGlobalSection
	GlobalSection(ProjectConfigurationPlatforms) = postSolution
		{2EFC8AB8-4C68-423A-8BAC-EAD5AB325C1C}.Debug|Any CPU.ActiveCfg = Debug|Any CPU
		{2EFC8AB8-4C68-423A-8BAC-EAD5AB325C1C}.Debug|Any CPU.Build.0 = Debug|Any CPU
		{2EFC8AB8-4C68-423A-8BAC-EAD5AB325C1C}.Release|Any CPU.ActiveCfg = Release|Any CPU
		{2EFC8AB8-4C68-423A-8BAC-EAD5AB325C1C}.Release|Any CPU.Build.0 = Release|Any CPU
	EndGlobalSection
	GlobalSection(SolutionProperties) = preSolution
		HideSolutionNode = FALSE
	EndGlobalSection
	GlobalSection(ExtensibilityGlobals) = postSolution
		SolutionGuid = {F408E792-AE7E-4914-8363-06B20BE4D198}
	EndGlobalSection
EndGlobal
